Microsoft Visual Studio Solution File, Format Version 12.00
# Visual Studio Version 17
VisualStudioVersion = 17.0.32002.185
MinimumVisualStudioVersion = 15.0.26124.0
Project("{9A19103F-16F7-4668-BE54-9A1E7A4F7556}") = "RDMG", "RDMG\RDMG.csproj", "{7F703F64-0A79-4214-BF1F-481D9BD22D09}"
EndProject
Project("{9A19103F-16F7-4668-BE54-9A1E7A4F7556}") = "RDMG.Tests", "RDMG.Tests\RDMG.Tests.csproj", "{A4BAB97D-A19F-47A3-B0CA-8F24898B0A1A}"
EndProject
Project("{9A19103F-16F7-4668-BE54-9A1E7A4F7556}") = "RDMG.Core", "RDMG.Core\RDMG.Core.csproj", "{F11BD7E4-901C-4B7D-8A8B-B0ACD5B31271}"
EndProject
Project("{9A19103F-16F7-4668-BE54-9A1E7A4F7556}") = "RDMG.Infrastructure", "RDMG.Infrastructure\RDMG.Infrastructure.csproj", "{79A37F9A-178B-4C65-8B36-5F94EF7E3993}"
EndProject
Project("{9A19103F-16F7-4668-BE54-9A1E7A4F7556}") = "RDMG.Resources", "RDMG.Resources\RDMG.Resources.csproj", "{E1EBA5E2-59E9-425C-89F5-6869B9408C7F}"
EndProject
Project("{2150E333-8FDC-42A3-9474-1A3956D46DE8}") = "Docker", "Docker", "{EC3117DF-B57F-4029-87B6-A11862510D4D}"
	ProjectSection(SolutionItems) = preProject
		Docker\configure-db.sh = Docker\configure-db.sh
		Docker\Dockerfile = Docker\Dockerfile
		Docker\entrypoint.sh = Docker\entrypoint.sh
		Docker\setup.sql = Docker\setup.sql
	EndProjectSection
EndProject
Project("{2150E333-8FDC-42A3-9474-1A3956D46DE8}") = "Solution Items", "Solution Items", "{A9C8155D-F8A5-43F6-8CA9-F2C6BF743DDC}"
	ProjectSection(SolutionItems) = preProject
		.dockerignore = .dockerignore
		.env = .env
		.gitignore = .gitignore
		docker-compose.yml = docker-compose.yml
	EndProjectSection
EndProject
Global
	GlobalSection(SolutionConfigurationPlatforms) = preSolution
		Debug|Any CPU = Debug|Any CPU
		Debug|x64 = Debug|x64
		Debug|x86 = Debug|x86
		Release|Any CPU = Release|Any CPU
		Release|x64 = Release|x64
		Release|x86 = Release|x86
	EndGlobalSection
	GlobalSection(ProjectConfigurationPlatforms) = postSolution
		{7F703F64-0A79-4214-BF1F-481D9BD22D09}.Debug|Any CPU.ActiveCfg = Debug|Any CPU
		{7F703F64-0A79-4214-BF1F-481D9BD22D09}.Debug|Any CPU.Build.0 = Debug|Any CPU
		{7F703F64-0A79-4214-BF1F-481D9BD22D09}.Debug|x64.ActiveCfg = Debug|Any CPU
		{7F703F64-0A79-4214-BF1F-481D9BD22D09}.Debug|x64.Build.0 = Debug|Any CPU
		{7F703F64-0A79-4214-BF1F-481D9BD22D09}.Debug|x86.ActiveCfg = Debug|Any CPU
		{7F703F64-0A79-4214-BF1F-481D9BD22D09}.Debug|x86.Build.0 = Debug|Any CPU
		{7F703F64-0A79-4214-BF1F-481D9BD22D09}.Release|Any CPU.ActiveCfg = Release|Any CPU
		{7F703F64-0A79-4214-BF1F-481D9BD22D09}.Release|Any CPU.Build.0 = Release|Any CPU
		{7F703F64-0A79-4214-BF1F-481D9BD22D09}.Release|x64.ActiveCfg = Release|Any CPU
		{7F703F64-0A79-4214-BF1F-481D9BD22D09}.Release|x64.Build.0 = Release|Any CPU
		{7F703F64-0A79-4214-BF1F-481D9BD22D09}.Release|x86.ActiveCfg = Release|Any CPU
		{7F703F64-0A79-4214-BF1F-481D9BD22D09}.Release|x86.Build.0 = Release|Any CPU
		{A4BAB97D-A19F-47A3-B0CA-8F24898B0A1A}.Debug|Any CPU.ActiveCfg = Debug|Any CPU
		{A4BAB97D-A19F-47A3-B0CA-8F24898B0A1A}.Debug|Any CPU.Build.0 = Debug|Any CPU
		{A4BAB97D-A19F-47A3-B0CA-8F24898B0A1A}.Debug|x64.ActiveCfg = Debug|Any CPU
		{A4BAB97D-A19F-47A3-B0CA-8F24898B0A1A}.Debug|x64.Build.0 = Debug|Any CPU
		{A4BAB97D-A19F-47A3-B0CA-8F24898B0A1A}.Debug|x86.ActiveCfg = Debug|Any CPU
		{A4BAB97D-A19F-47A3-B0CA-8F24898B0A1A}.Debug|x86.Build.0 = Debug|Any CPU
		{A4BAB97D-A19F-47A3-B0CA-8F24898B0A1A}.Release|Any CPU.ActiveCfg = Release|Any CPU
		{A4BAB97D-A19F-47A3-B0CA-8F24898B0A1A}.Release|Any CPU.Build.0 = Release|Any CPU
		{A4BAB97D-A19F-47A3-B0CA-8F24898B0A1A}.Release|x64.ActiveCfg = Release|Any CPU
		{A4BAB97D-A19F-47A3-B0CA-8F24898B0A1A}.Release|x64.Build.0 = Release|Any CPU
		{A4BAB97D-A19F-47A3-B0CA-8F24898B0A1A}.Release|x86.ActiveCfg = Release|Any CPU
		{A4BAB97D-A19F-47A3-B0CA-8F24898B0A1A}.Release|x86.Build.0 = Release|Any CPU
		{F11BD7E4-901C-4B7D-8A8B-B0ACD5B31271}.Debug|Any CPU.ActiveCfg = Debug|Any CPU
		{F11BD7E4-901C-4B7D-8A8B-B0ACD5B31271}.Debug|Any CPU.Build.0 = Debug|Any CPU
		{F11BD7E4-901C-4B7D-8A8B-B0ACD5B31271}.Debug|x64.ActiveCfg = Debug|Any CPU
		{F11BD7E4-901C-4B7D-8A8B-B0ACD5B31271}.Debug|x64.Build.0 = Debug|Any CPU
		{F11BD7E4-901C-4B7D-8A8B-B0ACD5B31271}.Debug|x86.ActiveCfg = Debug|Any CPU
		{F11BD7E4-901C-4B7D-8A8B-B0ACD5B31271}.Debug|x86.Build.0 = Debug|Any CPU
		{F11BD7E4-901C-4B7D-8A8B-B0ACD5B31271}.Release|Any CPU.ActiveCfg = Release|Any CPU
		{F11BD7E4-901C-4B7D-8A8B-B0ACD5B31271}.Release|Any CPU.Build.0 = Release|Any CPU
		{F11BD7E4-901C-4B7D-8A8B-B0ACD5B31271}.Release|x64.ActiveCfg = Release|Any CPU
		{F11BD7E4-901C-4B7D-8A8B-B0ACD5B31271}.Release|x64.Build.0 = Release|Any CPU
		{F11BD7E4-901C-4B7D-8A8B-B0ACD5B31271}.Release|x86.ActiveCfg = Release|Any CPU
		{F11BD7E4-901C-4B7D-8A8B-B0ACD5B31271}.Release|x86.Build.0 = Release|Any CPU
		{79A37F9A-178B-4C65-8B36-5F94EF7E3993}.Debug|Any CPU.ActiveCfg = Debug|Any CPU
		{79A37F9A-178B-4C65-8B36-5F94EF7E3993}.Debug|Any CPU.Build.0 = Debug|Any CPU
		{79A37F9A-178B-4C65-8B36-5F94EF7E3993}.Debug|x64.ActiveCfg = Debug|Any CPU
		{79A37F9A-178B-4C65-8B36-5F94EF7E3993}.Debug|x64.Build.0 = Debug|Any CPU
		{79A37F9A-178B-4C65-8B36-5F94EF7E3993}.Debug|x86.ActiveCfg = Debug|Any CPU
		{79A37F9A-178B-4C65-8B36-5F94EF7E3993}.Debug|x86.Build.0 = Debug|Any CPU
		{79A37F9A-178B-4C65-8B36-5F94EF7E3993}.Release|Any CPU.ActiveCfg = Release|Any CPU
		{79A37F9A-178B-4C65-8B36-5F94EF7E3993}.Release|Any CPU.Build.0 = Release|Any CPU
		{79A37F9A-178B-4C65-8B36-5F94EF7E3993}.Release|x64.ActiveCfg = Release|Any CPU
		{79A37F9A-178B-4C65-8B36-5F94EF7E3993}.Release|x64.Build.0 = Release|Any CPU
		{79A37F9A-178B-4C65-8B36-5F94EF7E3993}.Release|x86.ActiveCfg = Release|Any CPU
		{79A37F9A-178B-4C65-8B36-5F94EF7E3993}.Release|x86.Build.0 = Release|Any CPU
		{E1EBA5E2-59E9-425C-89F5-6869B9408C7F}.Debug|Any CPU.ActiveCfg = Debug|Any CPU
		{E1EBA5E2-59E9-425C-89F5-6869B9408C7F}.Debug|Any CPU.Build.0 = Debug|Any CPU
		{E1EBA5E2-59E9-425C-89F5-6869B9408C7F}.Debug|x64.ActiveCfg = Debug|Any CPU
		{E1EBA5E2-59E9-425C-89F5-6869B9408C7F}.Debug|x64.Build.0 = Debug|Any CPU
		{E1EBA5E2-59E9-425C-89F5-6869B9408C7F}.Debug|x86.ActiveCfg = Debug|Any CPU
		{E1EBA5E2-59E9-425C-89F5-6869B9408C7F}.Debug|x86.Build.0 = Debug|Any CPU
		{E1EBA5E2-59E9-425C-89F5-6869B9408C7F}.Release|Any CPU.ActiveCfg = Release|Any CPU
		{E1EBA5E2-59E9-425C-89F5-6869B9408C7F}.Release|Any CPU.Build.0 = Release|Any CPU
		{E1EBA5E2-59E9-425C-89F5-6869B9408C7F}.Release|x64.ActiveCfg = Release|Any CPU
		{E1EBA5E2-59E9-425C-89F5-6869B9408C7F}.Release|x64.Build.0 = Release|Any CPU
		{E1EBA5E2-59E9-425C-89F5-6869B9408C7F}.Release|x86.ActiveCfg = Release|Any CPU
		{E1EBA5E2-59E9-425C-89F5-6869B9408C7F}.Release|x86.Build.0 = Release|Any CPU
	EndGlobalSection
	GlobalSection(SolutionProperties) = preSolution
		HideSolutionNode = FALSE
	EndGlobalSection
	GlobalSection(ExtensibilityGlobals) = postSolution
		SolutionGuid = {DE268029-B3D2-4384-B99A-1CE965B74851}
	EndGlobalSection
EndGlobal
